
Microsoft Visual Studio Solution File, Format Version 12.00
# Visual Studio Version 17
VisualStudioVersion = 17.4.33205.214
MinimumVisualStudioVersion = 10.0.40219.1
Project("{FAE04EC0-301F-11D3-BF4B-00C04F79EFBC}") = "PracticLesson", "PracticLesson.csproj", "{BA225D90-0AF7-4FCE-BB5E-D16D92C945C7}"
EndProject
Global
	GlobalSection(SolutionConfigurationPlatforms) = preSolution
		Debug|Any CPU = Debug|Any CPU
		Release|Any CPU = Release|Any CPU
	EndGlobalSection
	GlobalSection(ProjectConfigurationPlatforms) = postSolution
		{BA225D90-0AF7-4FCE-BB5E-D16D92C945C7}.Debug|Any CPU.ActiveCfg = Debug|Any CPU
		{BA225D90-0AF7-4FCE-BB5E-D16D92C945C7}.Debug|Any CPU.Build.0 = Debug|Any CPU
		{BA225D90-0AF7-4FCE-BB5E-D16D92C945C7}.Release|Any CPU.ActiveCfg = Release|Any CPU
		{BA225D90-0AF7-4FCE-BB5E-D16D92C945C7}.Release|Any CPU.Build.0 = Release|Any CPU
	EndGlobalSection
	GlobalSection(SolutionProperties) = preSolution
		HideSolutionNode = FALSE
	EndGlobalSection
	GlobalSection(ExtensibilityGlobals) = postSolution
		SolutionGuid = {08D02380-8CAF-44FE-8E6E-48B6E33F404A}
	EndGlobalSection
EndGlobal
